
Microsoft Visual Studio Solution File, Format Version 12.00
# Visual Studio 15
VisualStudioVersion = 15.0.27004.2009
MinimumVisualStudioVersion = 10.0.40219.1
Project("{FAE04EC0-301F-11D3-BF4B-00C04F79EFBC}") = "Sociatis", "Sociatis\Sociatis.csproj", "{63373534-8FA2-4FD6-A1CE-6804CA777542}"
EndProject
Project("{FAE04EC0-301F-11D3-BF4B-00C04F79EFBC}") = "Weber", "WebServices\Weber.csproj", "{7A3B9C1B-4609-4225-A2C7-8B0C4FF0BBFA}"
EndProject
Project("{FAE04EC0-301F-11D3-BF4B-00C04F79EFBC}") = "Entities", "EntityFramework\Entities.csproj", "{380A6F11-2271-4223-9C25-CE187BD3CC08}"
EndProject
Project("{FAE04EC0-301F-11D3-BF4B-00C04F79EFBC}") = "Sociatis Integration Tests", "SociatisUnitTests\Sociatis Integration Tests.csproj", "{2DD49619-B530-49E0-97A6-3423DC8D757F}"
EndProject
Project("{FAE04EC0-301F-11D3-BF4B-00C04F79EFBC}") = "Sociatis Unit Tests", "Sociatis Unit Tests\Sociatis Unit Tests.csproj", "{2FEF91BE-9007-4E1E-A907-0B51E235BDBD}"
EndProject
Project("{FAE04EC0-301F-11D3-BF4B-00C04F79EFBC}") = "Sociatis Test Suite", "Sociatis Test Suite\Sociatis Test Suite.csproj", "{DDA8A052-F53B-47F7-893D-4CCB89379868}"
EndProject
Project("{FAE04EC0-301F-11D3-BF4B-00C04F79EFBC}") = "CreateSociatisWorld", "CreateSociatisWorld\CreateSociatisWorld.csproj", "{19533061-B9B9-4895-9F15-2C60AB105F44}"
EndProject
Project("{FAE04EC0-301F-11D3-BF4B-00C04F79EFBC}") = "Test", "Test\Test.csproj", "{4F7B90D1-929F-4ED6-9B1A-4CB2F71C28A7}"
EndProject
Project("{2150E333-8FDC-42A3-9474-1A3956D46DE8}") = "Other", "Other", "{3C70BDBC-D421-4DC5-883C-F704EC6791B7}"
	ProjectSection(SolutionItems) = preProject
		.gitignore = .gitignore
	EndProjectSection
EndProject
Project("{FAE04EC0-301F-11D3-BF4B-00C04F79EFBC}") = "SociatisCommon", "SociatisCommon\SociatisCommon.csproj", "{14589FEE-DD34-4264-965C-8EDBA22ABFE1}"
EndProject
Project("{FAE04EC0-301F-11D3-BF4B-00C04F79EFBC}") = "WebTests", "WebTests\WebTests.csproj", "{F322C408-C0A8-4446-95CD-18E11FE735A9}"
EndProject
Project("{FAE04EC0-301F-11D3-BF4B-00C04F79EFBC}") = "ConsoleApp", "ConsoleApp\ConsoleApp.csproj", "{517A48DA-5CF3-4C81-AB36-9B48605FD20C}"
EndProject
Project("{FAE04EC0-301F-11D3-BF4B-00C04F79EFBC}") = "Common", "C-Common\Common\Common.csproj", "{7833DE49-4309-4C54-BD72-EA7B9F99F71F}"
EndProject
Project("{FAE04EC0-301F-11D3-BF4B-00C04F79EFBC}") = "WebUtils", "WebUtils\WebUtils.csproj", "{3737CAE9-1E9F-4687-B53D-D1A7D43DE19C}"
EndProject
Global
	GlobalSection(SolutionConfigurationPlatforms) = preSolution
		Debug|Any CPU = Debug|Any CPU
		Release|Any CPU = Release|Any CPU
		SocTest|Any CPU = SocTest|Any CPU
		Test|Any CPU = Test|Any CPU
	EndGlobalSection
	GlobalSection(ProjectConfigurationPlatforms) = postSolution
		{63373534-8FA2-4FD6-A1CE-6804CA777542}.Debug|Any CPU.ActiveCfg = Debug|Any CPU
		{63373534-8FA2-4FD6-A1CE-6804CA777542}.Debug|Any CPU.Build.0 = Debug|Any CPU
		{63373534-8FA2-4FD6-A1CE-6804CA777542}.Release|Any CPU.ActiveCfg = Release|Any CPU
		{63373534-8FA2-4FD6-A1CE-6804CA777542}.Release|Any CPU.Build.0 = Release|Any CPU
		{63373534-8FA2-4FD6-A1CE-6804CA777542}.SocTest|Any CPU.ActiveCfg = SocTest|Any CPU
		{63373534-8FA2-4FD6-A1CE-6804CA777542}.SocTest|Any CPU.Build.0 = SocTest|Any CPU
		{63373534-8FA2-4FD6-A1CE-6804CA777542}.Test|Any CPU.ActiveCfg = Test|Any CPU
		{63373534-8FA2-4FD6-A1CE-6804CA777542}.Test|Any CPU.Build.0 = Test|Any CPU
		{7A3B9C1B-4609-4225-A2C7-8B0C4FF0BBFA}.Debug|Any CPU.ActiveCfg = Debug|Any CPU
		{7A3B9C1B-4609-4225-A2C7-8B0C4FF0BBFA}.Debug|Any CPU.Build.0 = Debug|Any CPU
		{7A3B9C1B-4609-4225-A2C7-8B0C4FF0BBFA}.Release|Any CPU.ActiveCfg = Release|Any CPU
		{7A3B9C1B-4609-4225-A2C7-8B0C4FF0BBFA}.Release|Any CPU.Build.0 = Release|Any CPU
		{7A3B9C1B-4609-4225-A2C7-8B0C4FF0BBFA}.SocTest|Any CPU.ActiveCfg = Test|Any CPU
		{7A3B9C1B-4609-4225-A2C7-8B0C4FF0BBFA}.SocTest|Any CPU.Build.0 = Test|Any CPU
		{7A3B9C1B-4609-4225-A2C7-8B0C4FF0BBFA}.Test|Any CPU.ActiveCfg = Test|Any CPU
		{7A3B9C1B-4609-4225-A2C7-8B0C4FF0BBFA}.Test|Any CPU.Build.0 = Test|Any CPU
		{380A6F11-2271-4223-9C25-CE187BD3CC08}.Debug|Any CPU.ActiveCfg = Debug|Any CPU
		{380A6F11-2271-4223-9C25-CE187BD3CC08}.Debug|Any CPU.Build.0 = Debug|Any CPU
		{380A6F11-2271-4223-9C25-CE187BD3CC08}.Release|Any CPU.ActiveCfg = Release|Any CPU
		{380A6F11-2271-4223-9C25-CE187BD3CC08}.Release|Any CPU.Build.0 = Release|Any CPU
		{380A6F11-2271-4223-9C25-CE187BD3CC08}.SocTest|Any CPU.ActiveCfg = Test|Any CPU
		{380A6F11-2271-4223-9C25-CE187BD3CC08}.SocTest|Any CPU.Build.0 = Test|Any CPU
		{380A6F11-2271-4223-9C25-CE187BD3CC08}.Test|Any CPU.ActiveCfg = Test|Any CPU
		{380A6F11-2271-4223-9C25-CE187BD3CC08}.Test|Any CPU.Build.0 = Test|Any CPU
		{2DD49619-B530-49E0-97A6-3423DC8D757F}.Debug|Any CPU.ActiveCfg = Debug|Any CPU
		{2DD49619-B530-49E0-97A6-3423DC8D757F}.Debug|Any CPU.Build.0 = Debug|Any CPU
		{2DD49619-B530-49E0-97A6-3423DC8D757F}.Release|Any CPU.ActiveCfg = Release|Any CPU
		{2DD49619-B530-49E0-97A6-3423DC8D757F}.Release|Any CPU.Build.0 = Release|Any CPU
		{2DD49619-B530-49E0-97A6-3423DC8D757F}.SocTest|Any CPU.ActiveCfg = Test|Any CPU
		{2DD49619-B530-49E0-97A6-3423DC8D757F}.SocTest|Any CPU.Build.0 = Test|Any CPU
		{2DD49619-B530-49E0-97A6-3423DC8D757F}.Test|Any CPU.ActiveCfg = Test|Any CPU
		{2DD49619-B530-49E0-97A6-3423DC8D757F}.Test|Any CPU.Build.0 = Test|Any CPU
		{2FEF91BE-9007-4E1E-A907-0B51E235BDBD}.Debug|Any CPU.ActiveCfg = Debug|Any CPU
		{2FEF91BE-9007-4E1E-A907-0B51E235BDBD}.Debug|Any CPU.Build.0 = Debug|Any CPU
		{2FEF91BE-9007-4E1E-A907-0B51E235BDBD}.Release|Any CPU.ActiveCfg = Release|Any CPU
		{2FEF91BE-9007-4E1E-A907-0B51E235BDBD}.Release|Any CPU.Build.0 = Release|Any CPU
		{2FEF91BE-9007-4E1E-A907-0B51E235BDBD}.SocTest|Any CPU.ActiveCfg = Test|Any CPU
		{2FEF91BE-9007-4E1E-A907-0B51E235BDBD}.SocTest|Any CPU.Build.0 = Test|Any CPU
		{2FEF91BE-9007-4E1E-A907-0B51E235BDBD}.Test|Any CPU.ActiveCfg = Test|Any CPU
		{2FEF91BE-9007-4E1E-A907-0B51E235BDBD}.Test|Any CPU.Build.0 = Test|Any CPU
		{DDA8A052-F53B-47F7-893D-4CCB89379868}.Debug|Any CPU.ActiveCfg = Debug|Any CPU
		{DDA8A052-F53B-47F7-893D-4CCB89379868}.Debug|Any CPU.Build.0 = Debug|Any CPU
		{DDA8A052-F53B-47F7-893D-4CCB89379868}.Release|Any CPU.ActiveCfg = Release|Any CPU
		{DDA8A052-F53B-47F7-893D-4CCB89379868}.Release|Any CPU.Build.0 = Release|Any CPU
		{DDA8A052-F53B-47F7-893D-4CCB89379868}.SocTest|Any CPU.ActiveCfg = Test|Any CPU
		{DDA8A052-F53B-47F7-893D-4CCB89379868}.SocTest|Any CPU.Build.0 = Test|Any CPU
		{DDA8A052-F53B-47F7-893D-4CCB89379868}.Test|Any CPU.ActiveCfg = Test|Any CPU
		{DDA8A052-F53B-47F7-893D-4CCB89379868}.Test|Any CPU.Build.0 = Test|Any CPU
		{19533061-B9B9-4895-9F15-2C60AB105F44}.Debug|Any CPU.ActiveCfg = Debug|Any CPU
		{19533061-B9B9-4895-9F15-2C60AB105F44}.Debug|Any CPU.Build.0 = Debug|Any CPU
		{19533061-B9B9-4895-9F15-2C60AB105F44}.Release|Any CPU.ActiveCfg = Release|Any CPU
		{19533061-B9B9-4895-9F15-2C60AB105F44}.Release|Any CPU.Build.0 = Release|Any CPU
		{19533061-B9B9-4895-9F15-2C60AB105F44}.SocTest|Any CPU.ActiveCfg = Test|Any CPU
		{19533061-B9B9-4895-9F15-2C60AB105F44}.SocTest|Any CPU.Build.0 = Test|Any CPU
		{19533061-B9B9-4895-9F15-2C60AB105F44}.Test|Any CPU.ActiveCfg = Test|Any CPU
		{19533061-B9B9-4895-9F15-2C60AB105F44}.Test|Any CPU.Build.0 = Test|Any CPU
		{4F7B90D1-929F-4ED6-9B1A-4CB2F71C28A7}.Debug|Any CPU.ActiveCfg = Debug|Any CPU
		{4F7B90D1-929F-4ED6-9B1A-4CB2F71C28A7}.Debug|Any CPU.Build.0 = Debug|Any CPU
		{4F7B90D1-929F-4ED6-9B1A-4CB2F71C28A7}.Release|Any CPU.ActiveCfg = Release|Any CPU
		{4F7B90D1-929F-4ED6-9B1A-4CB2F71C28A7}.Release|Any CPU.Build.0 = Release|Any CPU
		{4F7B90D1-929F-4ED6-9B1A-4CB2F71C28A7}.SocTest|Any CPU.ActiveCfg = Test|Any CPU
		{4F7B90D1-929F-4ED6-9B1A-4CB2F71C28A7}.SocTest|Any CPU.Build.0 = Test|Any CPU
		{4F7B90D1-929F-4ED6-9B1A-4CB2F71C28A7}.Test|Any CPU.ActiveCfg = Test|Any CPU
		{4F7B90D1-929F-4ED6-9B1A-4CB2F71C28A7}.Test|Any CPU.Build.0 = Test|Any CPU
		{14589FEE-DD34-4264-965C-8EDBA22ABFE1}.Debug|Any CPU.ActiveCfg = Debug|Any CPU
		{14589FEE-DD34-4264-965C-8EDBA22ABFE1}.Debug|Any CPU.Build.0 = Debug|Any CPU
		{14589FEE-DD34-4264-965C-8EDBA22ABFE1}.Release|Any CPU.ActiveCfg = Release|Any CPU
		{14589FEE-DD34-4264-965C-8EDBA22ABFE1}.Release|Any CPU.Build.0 = Release|Any CPU
		{14589FEE-DD34-4264-965C-8EDBA22ABFE1}.SocTest|Any CPU.ActiveCfg = Release|Any CPU
		{14589FEE-DD34-4264-965C-8EDBA22ABFE1}.SocTest|Any CPU.Build.0 = Release|Any CPU
		{14589FEE-DD34-4264-965C-8EDBA22ABFE1}.Test|Any CPU.ActiveCfg = Release|Any CPU
		{14589FEE-DD34-4264-965C-8EDBA22ABFE1}.Test|Any CPU.Build.0 = Release|Any CPU
		{F322C408-C0A8-4446-95CD-18E11FE735A9}.Debug|Any CPU.ActiveCfg = Debug|Any CPU
		{F322C408-C0A8-4446-95CD-18E11FE735A9}.Debug|Any CPU.Build.0 = Debug|Any CPU
		{F322C408-C0A8-4446-95CD-18E11FE735A9}.Release|Any CPU.ActiveCfg = Release|Any CPU
		{F322C408-C0A8-4446-95CD-18E11FE735A9}.Release|Any CPU.Build.0 = Release|Any CPU
		{F322C408-C0A8-4446-95CD-18E11FE735A9}.SocTest|Any CPU.ActiveCfg = Release|Any CPU
		{F322C408-C0A8-4446-95CD-18E11FE735A9}.SocTest|Any CPU.Build.0 = Release|Any CPU
		{F322C408-C0A8-4446-95CD-18E11FE735A9}.Test|Any CPU.ActiveCfg = Release|Any CPU
		{F322C408-C0A8-4446-95CD-18E11FE735A9}.Test|Any CPU.Build.0 = Release|Any CPU
		{517A48DA-5CF3-4C81-AB36-9B48605FD20C}.Debug|Any CPU.ActiveCfg = Debug|Any CPU
		{517A48DA-5CF3-4C81-AB36-9B48605FD20C}.Debug|Any CPU.Build.0 = Debug|Any CPU
		{517A48DA-5CF3-4C81-AB36-9B48605FD20C}.Release|Any CPU.ActiveCfg = Release|Any CPU
		{517A48DA-5CF3-4C81-AB36-9B48605FD20C}.Release|Any CPU.Build.0 = Release|Any CPU
		{517A48DA-5CF3-4C81-AB36-9B48605FD20C}.SocTest|Any CPU.ActiveCfg = Release|Any CPU
		{517A48DA-5CF3-4C81-AB36-9B48605FD20C}.SocTest|Any CPU.Build.0 = Release|Any CPU
		{517A48DA-5CF3-4C81-AB36-9B48605FD20C}.Test|Any CPU.ActiveCfg = Release|Any CPU
		{517A48DA-5CF3-4C81-AB36-9B48605FD20C}.Test|Any CPU.Build.0 = Release|Any CPU
		{7833DE49-4309-4C54-BD72-EA7B9F99F71F}.Debug|Any CPU.ActiveCfg = Debug|Any CPU
		{7833DE49-4309-4C54-BD72-EA7B9F99F71F}.Debug|Any CPU.Build.0 = Debug|Any CPU
		{7833DE49-4309-4C54-BD72-EA7B9F99F71F}.Release|Any CPU.ActiveCfg = Release|Any CPU
		{7833DE49-4309-4C54-BD72-EA7B9F99F71F}.Release|Any CPU.Build.0 = Release|Any CPU
		{7833DE49-4309-4C54-BD72-EA7B9F99F71F}.SocTest|Any CPU.ActiveCfg = Test|Any CPU
		{7833DE49-4309-4C54-BD72-EA7B9F99F71F}.SocTest|Any CPU.Build.0 = Test|Any CPU
		{7833DE49-4309-4C54-BD72-EA7B9F99F71F}.Test|Any CPU.ActiveCfg = Test|Any CPU
		{7833DE49-4309-4C54-BD72-EA7B9F99F71F}.Test|Any CPU.Build.0 = Test|Any CPU
		{3737CAE9-1E9F-4687-B53D-D1A7D43DE19C}.Debug|Any CPU.ActiveCfg = Debug|Any CPU
		{3737CAE9-1E9F-4687-B53D-D1A7D43DE19C}.Debug|Any CPU.Build.0 = Debug|Any CPU
		{3737CAE9-1E9F-4687-B53D-D1A7D43DE19C}.Release|Any CPU.ActiveCfg = Release|Any CPU
		{3737CAE9-1E9F-4687-B53D-D1A7D43DE19C}.Release|Any CPU.Build.0 = Release|Any CPU
		{3737CAE9-1E9F-4687-B53D-D1A7D43DE19C}.SocTest|Any CPU.ActiveCfg = Test|Any CPU
		{3737CAE9-1E9F-4687-B53D-D1A7D43DE19C}.SocTest|Any CPU.Build.0 = Test|Any CPU
		{3737CAE9-1E9F-4687-B53D-D1A7D43DE19C}.Test|Any CPU.ActiveCfg = Test|Any CPU
		{3737CAE9-1E9F-4687-B53D-D1A7D43DE19C}.Test|Any CPU.Build.0 = Test|Any CPU
		{C09F7CCD-A615-411C-A066-DA16D8F58A75}.Debug|Any CPU.ActiveCfg = Debug|Any CPU
		{C09F7CCD-A615-411C-A066-DA16D8F58A75}.Debug|Any CPU.Build.0 = Debug|Any CPU
		{C09F7CCD-A615-411C-A066-DA16D8F58A75}.Release|Any CPU.ActiveCfg = Release|Any CPU
		{C09F7CCD-A615-411C-A066-DA16D8F58A75}.Release|Any CPU.Build.0 = Release|Any CPU
		{C09F7CCD-A615-411C-A066-DA16D8F58A75}.SocTest|Any CPU.ActiveCfg = Release|Any CPU
		{C09F7CCD-A615-411C-A066-DA16D8F58A75}.SocTest|Any CPU.Build.0 = Release|Any CPU
		{C09F7CCD-A615-411C-A066-DA16D8F58A75}.Test|Any CPU.ActiveCfg = Release|Any CPU
		{C09F7CCD-A615-411C-A066-DA16D8F58A75}.Test|Any CPU.Build.0 = Release|Any CPU
	EndGlobalSection
	GlobalSection(SolutionProperties) = preSolution
		HideSolutionNode = FALSE
	EndGlobalSection
	GlobalSection(ExtensibilityGlobals) = postSolution
		SolutionGuid = {F2B37058-7F4E-41B5-B1B1-9B56A921FA33}
	EndGlobalSection
EndGlobal
